
Microsoft Visual Studio Solution File, Format Version 12.00
# Visual Studio Version 18
VisualStudioVersion = 18.1.11312.151 d18.0
MinimumVisualStudioVersion = 10.0.40219.1
Project("{9A19103F-16F7-4668-BE54-9A1E7A4F7556}") = "BlazorHybrid.Core", "BlazorHybrid.Core\BlazorHybrid.Core.csproj", "{682865EE-3A06-47F3-8AD9-7091FCF5E20E}"
EndProject
Project("{9A19103F-16F7-4668-BE54-9A1E7A4F7556}") = "BlazorHybrid.Maui", "BlazorHybrid.Maui\BlazorHybrid.Maui.csproj", "{2E23B913-9B67-4818-9BB9-0A4E7499DDB8}"
EndProject
Project("{9A19103F-16F7-4668-BE54-9A1E7A4F7556}") = "BlazorHybrid.Maui.Shared", "BlazorHybrid.Maui.Shared\BlazorHybrid.Maui.Shared.csproj", "{33885ADB-9EB7-4B9C-A592-40D0BE96EB20}"
EndProject
Project("{9A19103F-16F7-4668-BE54-9A1E7A4F7556}") = "BlazorHybrid.Shared", "BlazorHybrid.Shared\BlazorHybrid.Shared.csproj", "{7692DDE6-1091-4888-BE89-982EE2C86F93}"
EndProject
Project("{9A19103F-16F7-4668-BE54-9A1E7A4F7556}") = "BlazorHybrid.SSR", "BlazorHybrid.SSR\BlazorHybrid.SSR.csproj", "{89ECBCE6-7F52-4CF4-98CC-EC64E603D1D2}"
EndProject
Project("{9A19103F-16F7-4668-BE54-9A1E7A4F7556}") = "BlazorHybrid.Linux", "BlazorHybrid.Linux\BlazorHybrid.Linux.csproj", "{B84C340F-CCA4-4BEF-A011-B28C1E7C013A}"
EndProject
Project("{9A19103F-16F7-4668-BE54-9A1E7A4F7556}") = "BlazorHybrid.Win", "BlazorHybrid.Win\BlazorHybrid.Win.csproj", "{6C6386EA-232A-43FD-8122-88664A0D4C45}"
EndProject
Project("{9A19103F-16F7-4668-BE54-9A1E7A4F7556}") = "BlazorHybrid.Wpf", "BlazorHybrid.Wpf\BlazorHybrid.Wpf.csproj", "{6875A0C1-AA7B-439D-A30D-79FB171C049D}"
EndProject
Project("{9A19103F-16F7-4668-BE54-9A1E7A4F7556}") = "BlazorHybrid.Win.Shared", "BlazorHybrid.Win.Shared\BlazorHybrid.Win.Shared.csproj", "{A0F33899-5321-47BB-B9FE-581A7641BDE9}"
EndProject
Project("{2150E333-8FDC-42A3-9474-1A3956D46DE8}") = "bh100day", "bh100day", "{23FAEDF1-C3CE-4809-97D7-46DD2CFC5739}"
EndProject
Project("{9A19103F-16F7-4668-BE54-9A1E7A4F7556}") = "bh001_camera_barcode", "bh100days\bh001_camera_barcode\bh001_camera_barcode.csproj", "{D3A1882B-37E6-4AFD-8852-7D0BBD97B254}"
EndProject
Project("{9A19103F-16F7-4668-BE54-9A1E7A4F7556}") = "BlazorHybrid.Maui.Permissions", "BlazorHybrid.Maui.Permissions\BlazorHybrid.Maui.Permissions.csproj", "{22157A74-E89A-4CB4-B6A8-9CE425904342}"
EndProject
Project("{9A19103F-16F7-4668-BE54-9A1E7A4F7556}") = "bh003_ble", "bh100days\bh003_ble\bh003_ble.csproj", "{E7B292B9-3B83-483F-AE78-92050C63E0EE}"
EndProject
Project("{9A19103F-16F7-4668-BE54-9A1E7A4F7556}") = "bh002_ORM", "bh100days\bh002_ORM\bh002_ORM.csproj", "{62C7F706-9048-4B12-A6B6-1B2317C8AE32}"
EndProject
Project("{9A19103F-16F7-4668-BE54-9A1E7A4F7556}") = "bh005_table", "bh100days\bh005_table\bh005_table.csproj", "{50228840-8243-4F82-B050-367A126BF99B}"
EndProject
Project("{9A19103F-16F7-4668-BE54-9A1E7A4F7556}") = "bh004_BootstrapBlazorUI", "bh100days\bh004_BootstrapBlazorUI\bh004_BootstrapBlazorUI.csproj", "{8FE23F99-CAC6-4D5F-9E81-C17065F0FCD8}"
EndProject
Project("{9A19103F-16F7-4668-BE54-9A1E7A4F7556}") = "bh006_NFC_tag", "bh100days\bh006_NFC_tag\bh006_NFC_tag.csproj", "{7D9460CD-81E4-4873-BEB0-F893ED57449C}"
EndProject
Project("{9A19103F-16F7-4668-BE54-9A1E7A4F7556}") = "t01_Webapi", "bh100days\t01_Webapi\t01_Webapi.csproj", "{0137E50D-696B-42E6-85BA-A11982359BFE}"
EndProject
Project("{9A19103F-16F7-4668-BE54-9A1E7A4F7556}") = "CreateNewProject", "CreateNewProject\CreateNewProject.csproj", "{177EF5EF-750D-45D1-B14E-EC1AD6CB074C}"
EndProject
Project("{2150E333-8FDC-42A3-9474-1A3956D46DE8}") = "Samples", "Samples", "{453AEEE8-0D89-4224-9F52-9CF1E004A093}"
EndProject
Project("{9A19103F-16F7-4668-BE54-9A1E7A4F7556}") = "MediaPickSample", "Samples\MediaPickSample\MediaPickSample.csproj", "{79A2341B-9239-47AE-A42C-3CD1AB13A1BE}"
EndProject
Project("{9A19103F-16F7-4668-BE54-9A1E7A4F7556}") = "BlankMauiBlazor", "BlankMauiBlazor\BlankMauiBlazor.csproj", "{434D820F-1CF4-4586-AA67-752633C7CB7A}"
EndProject
Project("{9A19103F-16F7-4668-BE54-9A1E7A4F7556}") = "HuaweiBarcodeScan", "Samples\HuaweiBarcodeScan\HuaweiBarcodeScan\HuaweiBarcodeScan.csproj", "{001CC2F1-2722-4105-91F2-9EBF9021EE3D}"
EndProject
Project("{9A19103F-16F7-4668-BE54-9A1E7A4F7556}") = "HybridWebView", "HybridWebView\HybridWebView.csproj", "{279BB7B6-630B-4CBE-85C6-B28B000943BD}"
EndProject
Project("{FAE04EC0-301F-11D3-BF4B-00C04F79EFBC}") = "BlazorHybird.Maui.Solo", "BlazorHybird.Maui.Solo\BlazorHybird.Maui.Solo.csproj", "{6B8562E9-0293-435F-AD46-6C65843A9C2A}"
EndProject
Global
	GlobalSection(SolutionConfigurationPlatforms) = preSolution
		Debug|Any CPU = Debug|Any CPU
		DebugNuget|Any CPU = DebugNuget|Any CPU
		Release|Any CPU = Release|Any CPU
	EndGlobalSection
	GlobalSection(ProjectConfigurationPlatforms) = postSolution
		{682865EE-3A06-47F3-8AD9-7091FCF5E20E}.Debug|Any CPU.ActiveCfg = Debug|Any CPU
		{682865EE-3A06-47F3-8AD9-7091FCF5E20E}.Debug|Any CPU.Build.0 = Debug|Any CPU
		{682865EE-3A06-47F3-8AD9-7091FCF5E20E}.DebugNuget|Any CPU.ActiveCfg = Debug|Any CPU
		{682865EE-3A06-47F3-8AD9-7091FCF5E20E}.DebugNuget|Any CPU.Build.0 = Debug|Any CPU
		{682865EE-3A06-47F3-8AD9-7091FCF5E20E}.Release|Any CPU.ActiveCfg = Release|Any CPU
		{682865EE-3A06-47F3-8AD9-7091FCF5E20E}.Release|Any CPU.Build.0 = Release|Any CPU
		{2E23B913-9B67-4818-9BB9-0A4E7499DDB8}.Debug|Any CPU.ActiveCfg = Debug|Any CPU
		{2E23B913-9B67-4818-9BB9-0A4E7499DDB8}.Debug|Any CPU.Build.0 = Debug|Any CPU
		{2E23B913-9B67-4818-9BB9-0A4E7499DDB8}.Debug|Any CPU.Deploy.0 = Debug|Any CPU
		{2E23B913-9B67-4818-9BB9-0A4E7499DDB8}.DebugNuget|Any CPU.ActiveCfg = Debug|Any CPU
		{2E23B913-9B67-4818-9BB9-0A4E7499DDB8}.DebugNuget|Any CPU.Build.0 = Debug|Any CPU
		{2E23B913-9B67-4818-9BB9-0A4E7499DDB8}.DebugNuget|Any CPU.Deploy.0 = Debug|Any CPU
		{2E23B913-9B67-4818-9BB9-0A4E7499DDB8}.Release|Any CPU.ActiveCfg = Release|Any CPU
		{2E23B913-9B67-4818-9BB9-0A4E7499DDB8}.Release|Any CPU.Build.0 = Release|Any CPU
		{2E23B913-9B67-4818-9BB9-0A4E7499DDB8}.Release|Any CPU.Deploy.0 = Release|Any CPU
		{33885ADB-9EB7-4B9C-A592-40D0BE96EB20}.Debug|Any CPU.ActiveCfg = Debug|Any CPU
		{33885ADB-9EB7-4B9C-A592-40D0BE96EB20}.Debug|Any CPU.Build.0 = Debug|Any CPU
		{33885ADB-9EB7-4B9C-A592-40D0BE96EB20}.DebugNuget|Any CPU.ActiveCfg = Debug|Any CPU
		{33885ADB-9EB7-4B9C-A592-40D0BE96EB20}.DebugNuget|Any CPU.Build.0 = Debug|Any CPU
		{33885ADB-9EB7-4B9C-A592-40D0BE96EB20}.Release|Any CPU.ActiveCfg = Release|Any CPU
		{33885ADB-9EB7-4B9C-A592-40D0BE96EB20}.Release|Any CPU.Build.0 = Release|Any CPU
		{7692DDE6-1091-4888-BE89-982EE2C86F93}.Debug|Any CPU.ActiveCfg = Debug|Any CPU
		{7692DDE6-1091-4888-BE89-982EE2C86F93}.Debug|Any CPU.Build.0 = Debug|Any CPU
		{7692DDE6-1091-4888-BE89-982EE2C86F93}.DebugNuget|Any CPU.ActiveCfg = Debug|Any CPU
		{7692DDE6-1091-4888-BE89-982EE2C86F93}.DebugNuget|Any CPU.Build.0 = Debug|Any CPU
		{7692DDE6-1091-4888-BE89-982EE2C86F93}.Release|Any CPU.ActiveCfg = Release|Any CPU
		{7692DDE6-1091-4888-BE89-982EE2C86F93}.Release|Any CPU.Build.0 = Release|Any CPU
		{89ECBCE6-7F52-4CF4-98CC-EC64E603D1D2}.Debug|Any CPU.ActiveCfg = Debug|Any CPU
		{89ECBCE6-7F52-4CF4-98CC-EC64E603D1D2}.Debug|Any CPU.Build.0 = Debug|Any CPU
		{89ECBCE6-7F52-4CF4-98CC-EC64E603D1D2}.DebugNuget|Any CPU.ActiveCfg = DebugNuget|Any CPU
		{89ECBCE6-7F52-4CF4-98CC-EC64E603D1D2}.DebugNuget|Any CPU.Build.0 = DebugNuget|Any CPU
		{89ECBCE6-7F52-4CF4-98CC-EC64E603D1D2}.Release|Any CPU.ActiveCfg = Release|Any CPU
		{89ECBCE6-7F52-4CF4-98CC-EC64E603D1D2}.Release|Any CPU.Build.0 = Release|Any CPU
		{B84C340F-CCA4-4BEF-A011-B28C1E7C013A}.Debug|Any CPU.ActiveCfg = Debug|Any CPU
		{B84C340F-CCA4-4BEF-A011-B28C1E7C013A}.Debug|Any CPU.Build.0 = Debug|Any CPU
		{B84C340F-CCA4-4BEF-A011-B28C1E7C013A}.DebugNuget|Any CPU.ActiveCfg = Debug|Any CPU
		{B84C340F-CCA4-4BEF-A011-B28C1E7C013A}.DebugNuget|Any CPU.Build.0 = Debug|Any CPU
		{B84C340F-CCA4-4BEF-A011-B28C1E7C013A}.Release|Any CPU.ActiveCfg = Release|Any CPU
		{B84C340F-CCA4-4BEF-A011-B28C1E7C013A}.Release|Any CPU.Build.0 = Release|Any CPU
		{6C6386EA-232A-43FD-8122-88664A0D4C45}.Debug|Any CPU.ActiveCfg = Debug|Any CPU
		{6C6386EA-232A-43FD-8122-88664A0D4C45}.Debug|Any CPU.Build.0 = Debug|Any CPU
		{6C6386EA-232A-43FD-8122-88664A0D4C45}.DebugNuget|Any CPU.ActiveCfg = Debug|Any CPU
		{6C6386EA-232A-43FD-8122-88664A0D4C45}.DebugNuget|Any CPU.Build.0 = Debug|Any CPU
		{6C6386EA-232A-43FD-8122-88664A0D4C45}.Release|Any CPU.ActiveCfg = Release|Any CPU
		{6C6386EA-232A-43FD-8122-88664A0D4C45}.Release|Any CPU.Build.0 = Release|Any CPU
		{6875A0C1-AA7B-439D-A30D-79FB171C049D}.Debug|Any CPU.ActiveCfg = Debug|Any CPU
		{6875A0C1-AA7B-439D-A30D-79FB171C049D}.Debug|Any CPU.Build.0 = Debug|Any CPU
		{6875A0C1-AA7B-439D-A30D-79FB171C049D}.DebugNuget|Any CPU.ActiveCfg = DebugNuget|Any CPU
		{6875A0C1-AA7B-439D-A30D-79FB171C049D}.DebugNuget|Any CPU.Build.0 = DebugNuget|Any CPU
		{6875A0C1-AA7B-439D-A30D-79FB171C049D}.Release|Any CPU.ActiveCfg = Release|Any CPU
		{6875A0C1-AA7B-439D-A30D-79FB171C049D}.Release|Any CPU.Build.0 = Release|Any CPU
		{A0F33899-5321-47BB-B9FE-581A7641BDE9}.Debug|Any CPU.ActiveCfg = Debug|Any CPU
		{A0F33899-5321-47BB-B9FE-581A7641BDE9}.Debug|Any CPU.Build.0 = Debug|Any CPU
		{A0F33899-5321-47BB-B9FE-581A7641BDE9}.DebugNuget|Any CPU.ActiveCfg = Debug|Any CPU
		{A0F33899-5321-47BB-B9FE-581A7641BDE9}.DebugNuget|Any CPU.Build.0 = Debug|Any CPU
		{A0F33899-5321-47BB-B9FE-581A7641BDE9}.Release|Any CPU.ActiveCfg = Release|Any CPU
		{A0F33899-5321-47BB-B9FE-581A7641BDE9}.Release|Any CPU.Build.0 = Release|Any CPU
		{D3A1882B-37E6-4AFD-8852-7D0BBD97B254}.Debug|Any CPU.ActiveCfg = Debug|Any CPU
		{D3A1882B-37E6-4AFD-8852-7D0BBD97B254}.Debug|Any CPU.Build.0 = Debug|Any CPU
		{D3A1882B-37E6-4AFD-8852-7D0BBD97B254}.Debug|Any CPU.Deploy.0 = Debug|Any CPU
		{D3A1882B-37E6-4AFD-8852-7D0BBD97B254}.DebugNuget|Any CPU.ActiveCfg = Debug|Any CPU
		{D3A1882B-37E6-4AFD-8852-7D0BBD97B254}.DebugNuget|Any CPU.Build.0 = Debug|Any CPU
		{D3A1882B-37E6-4AFD-8852-7D0BBD97B254}.DebugNuget|Any CPU.Deploy.0 = Debug|Any CPU
		{D3A1882B-37E6-4AFD-8852-7D0BBD97B254}.Release|Any CPU.ActiveCfg = Release|Any CPU
		{D3A1882B-37E6-4AFD-8852-7D0BBD97B254}.Release|Any CPU.Build.0 = Release|Any CPU
		{D3A1882B-37E6-4AFD-8852-7D0BBD97B254}.Release|Any CPU.Deploy.0 = Release|Any CPU
		{22157A74-E89A-4CB4-B6A8-9CE425904342}.Debug|Any CPU.ActiveCfg = Debug|Any CPU
		{22157A74-E89A-4CB4-B6A8-9CE425904342}.Debug|Any CPU.Build.0 = Debug|Any CPU
		{22157A74-E89A-4CB4-B6A8-9CE425904342}.DebugNuget|Any CPU.ActiveCfg = Debug|Any CPU
		{22157A74-E89A-4CB4-B6A8-9CE425904342}.DebugNuget|Any CPU.Build.0 = Debug|Any CPU
		{22157A74-E89A-4CB4-B6A8-9CE425904342}.Release|Any CPU.ActiveCfg = Release|Any CPU
		{22157A74-E89A-4CB4-B6A8-9CE425904342}.Release|Any CPU.Build.0 = Release|Any CPU
		{E7B292B9-3B83-483F-AE78-92050C63E0EE}.Debug|Any CPU.ActiveCfg = Debug|Any CPU
		{E7B292B9-3B83-483F-AE78-92050C63E0EE}.Debug|Any CPU.Build.0 = Debug|Any CPU
		{E7B292B9-3B83-483F-AE78-92050C63E0EE}.Debug|Any CPU.Deploy.0 = Debug|Any CPU
		{E7B292B9-3B83-483F-AE78-92050C63E0EE}.DebugNuget|Any CPU.ActiveCfg = Debug|Any CPU
		{E7B292B9-3B83-483F-AE78-92050C63E0EE}.DebugNuget|Any CPU.Build.0 = Debug|Any CPU
		{E7B292B9-3B83-483F-AE78-92050C63E0EE}.DebugNuget|Any CPU.Deploy.0 = Debug|Any CPU
		{E7B292B9-3B83-483F-AE78-92050C63E0EE}.Release|Any CPU.ActiveCfg = Release|Any CPU
		{E7B292B9-3B83-483F-AE78-92050C63E0EE}.Release|Any CPU.Build.0 = Release|Any CPU
		{E7B292B9-3B83-483F-AE78-92050C63E0EE}.Release|Any CPU.Deploy.0 = Release|Any CPU
		{62C7F706-9048-4B12-A6B6-1B2317C8AE32}.Debug|Any CPU.ActiveCfg = Debug|Any CPU
		{62C7F706-9048-4B12-A6B6-1B2317C8AE32}.Debug|Any CPU.Build.0 = Debug|Any CPU
		{62C7F706-9048-4B12-A6B6-1B2317C8AE32}.Debug|Any CPU.Deploy.0 = Debug|Any CPU
		{62C7F706-9048-4B12-A6B6-1B2317C8AE32}.DebugNuget|Any CPU.ActiveCfg = Debug|Any CPU
		{62C7F706-9048-4B12-A6B6-1B2317C8AE32}.DebugNuget|Any CPU.Build.0 = Debug|Any CPU
		{62C7F706-9048-4B12-A6B6-1B2317C8AE32}.DebugNuget|Any CPU.Deploy.0 = Debug|Any CPU
		{62C7F706-9048-4B12-A6B6-1B2317C8AE32}.Release|Any CPU.ActiveCfg = Release|Any CPU
		{62C7F706-9048-4B12-A6B6-1B2317C8AE32}.Release|Any CPU.Build.0 = Release|Any CPU
		{62C7F706-9048-4B12-A6B6-1B2317C8AE32}.Release|Any CPU.Deploy.0 = Release|Any CPU
		{50228840-8243-4F82-B050-367A126BF99B}.Debug|Any CPU.ActiveCfg = Debug|Any CPU
		{50228840-8243-4F82-B050-367A126BF99B}.Debug|Any CPU.Build.0 = Debug|Any CPU
		{50228840-8243-4F82-B050-367A126BF99B}.Debug|Any CPU.Deploy.0 = Debug|Any CPU
		{50228840-8243-4F82-B050-367A126BF99B}.DebugNuget|Any CPU.ActiveCfg = Debug|Any CPU
		{50228840-8243-4F82-B050-367A126BF99B}.DebugNuget|Any CPU.Build.0 = Debug|Any CPU
		{50228840-8243-4F82-B050-367A126BF99B}.DebugNuget|Any CPU.Deploy.0 = Debug|Any CPU
		{50228840-8243-4F82-B050-367A126BF99B}.Release|Any CPU.ActiveCfg = Release|Any CPU
		{50228840-8243-4F82-B050-367A126BF99B}.Release|Any CPU.Build.0 = Release|Any CPU
		{50228840-8243-4F82-B050-367A126BF99B}.Release|Any CPU.Deploy.0 = Release|Any CPU
		{8FE23F99-CAC6-4D5F-9E81-C17065F0FCD8}.Debug|Any CPU.ActiveCfg = Debug|Any CPU
		{8FE23F99-CAC6-4D5F-9E81-C17065F0FCD8}.Debug|Any CPU.Build.0 = Debug|Any CPU
		{8FE23F99-CAC6-4D5F-9E81-C17065F0FCD8}.Debug|Any CPU.Deploy.0 = Debug|Any CPU
		{8FE23F99-CAC6-4D5F-9E81-C17065F0FCD8}.DebugNuget|Any CPU.ActiveCfg = Debug|Any CPU
		{8FE23F99-CAC6-4D5F-9E81-C17065F0FCD8}.DebugNuget|Any CPU.Build.0 = Debug|Any CPU
		{8FE23F99-CAC6-4D5F-9E81-C17065F0FCD8}.DebugNuget|Any CPU.Deploy.0 = Debug|Any CPU
		{8FE23F99-CAC6-4D5F-9E81-C17065F0FCD8}.Release|Any CPU.ActiveCfg = Release|Any CPU
		{8FE23F99-CAC6-4D5F-9E81-C17065F0FCD8}.Release|Any CPU.Build.0 = Release|Any CPU
		{8FE23F99-CAC6-4D5F-9E81-C17065F0FCD8}.Release|Any CPU.Deploy.0 = Release|Any CPU
		{7D9460CD-81E4-4873-BEB0-F893ED57449C}.Debug|Any CPU.ActiveCfg = Debug|Any CPU
		{7D9460CD-81E4-4873-BEB0-F893ED57449C}.Debug|Any CPU.Build.0 = Debug|Any CPU
		{7D9460CD-81E4-4873-BEB0-F893ED57449C}.Debug|Any CPU.Deploy.0 = Debug|Any CPU
		{7D9460CD-81E4-4873-BEB0-F893ED57449C}.DebugNuget|Any CPU.ActiveCfg = Debug|Any CPU
		{7D9460CD-81E4-4873-BEB0-F893ED57449C}.DebugNuget|Any CPU.Build.0 = Debug|Any CPU
		{7D9460CD-81E4-4873-BEB0-F893ED57449C}.DebugNuget|Any CPU.Deploy.0 = Debug|Any CPU
		{7D9460CD-81E4-4873-BEB0-F893ED57449C}.Release|Any CPU.ActiveCfg = Release|Any CPU
		{7D9460CD-81E4-4873-BEB0-F893ED57449C}.Release|Any CPU.Build.0 = Release|Any CPU
		{7D9460CD-81E4-4873-BEB0-F893ED57449C}.Release|Any CPU.Deploy.0 = Release|Any CPU
		{0137E50D-696B-42E6-85BA-A11982359BFE}.Debug|Any CPU.ActiveCfg = Debug|Any CPU
		{0137E50D-696B-42E6-85BA-A11982359BFE}.Debug|Any CPU.Build.0 = Debug|Any CPU
		{0137E50D-696B-42E6-85BA-A11982359BFE}.DebugNuget|Any CPU.ActiveCfg = Debug|Any CPU
		{0137E50D-696B-42E6-85BA-A11982359BFE}.DebugNuget|Any CPU.Build.0 = Debug|Any CPU
		{0137E50D-696B-42E6-85BA-A11982359BFE}.Release|Any CPU.ActiveCfg = Release|Any CPU
		{0137E50D-696B-42E6-85BA-A11982359BFE}.Release|Any CPU.Build.0 = Release|Any CPU
		{177EF5EF-750D-45D1-B14E-EC1AD6CB074C}.Debug|Any CPU.ActiveCfg = Debug|Any CPU
		{177EF5EF-750D-45D1-B14E-EC1AD6CB074C}.Debug|Any CPU.Build.0 = Debug|Any CPU
		{177EF5EF-750D-45D1-B14E-EC1AD6CB074C}.DebugNuget|Any CPU.ActiveCfg = Debug|Any CPU
		{177EF5EF-750D-45D1-B14E-EC1AD6CB074C}.DebugNuget|Any CPU.Build.0 = Debug|Any CPU
		{177EF5EF-750D-45D1-B14E-EC1AD6CB074C}.Release|Any CPU.ActiveCfg = Release|Any CPU
		{177EF5EF-750D-45D1-B14E-EC1AD6CB074C}.Release|Any CPU.Build.0 = Release|Any CPU
		{79A2341B-9239-47AE-A42C-3CD1AB13A1BE}.Debug|Any CPU.ActiveCfg = Debug|Any CPU
		{79A2341B-9239-47AE-A42C-3CD1AB13A1BE}.Debug|Any CPU.Build.0 = Debug|Any CPU
		{79A2341B-9239-47AE-A42C-3CD1AB13A1BE}.Debug|Any CPU.Deploy.0 = Debug|Any CPU
		{79A2341B-9239-47AE-A42C-3CD1AB13A1BE}.DebugNuget|Any CPU.ActiveCfg = Debug|Any CPU
		{79A2341B-9239-47AE-A42C-3CD1AB13A1BE}.DebugNuget|Any CPU.Build.0 = Debug|Any CPU
		{79A2341B-9239-47AE-A42C-3CD1AB13A1BE}.DebugNuget|Any CPU.Deploy.0 = Debug|Any CPU
		{79A2341B-9239-47AE-A42C-3CD1AB13A1BE}.Release|Any CPU.ActiveCfg = Release|Any CPU
		{79A2341B-9239-47AE-A42C-3CD1AB13A1BE}.Release|Any CPU.Build.0 = Release|Any CPU
		{79A2341B-9239-47AE-A42C-3CD1AB13A1BE}.Release|Any CPU.Deploy.0 = Release|Any CPU
		{434D820F-1CF4-4586-AA67-752633C7CB7A}.Debug|Any CPU.ActiveCfg = Debug|Any CPU
		{434D820F-1CF4-4586-AA67-752633C7CB7A}.Debug|Any CPU.Build.0 = Debug|Any CPU
		{434D820F-1CF4-4586-AA67-752633C7CB7A}.Debug|Any CPU.Deploy.0 = Debug|Any CPU
		{434D820F-1CF4-4586-AA67-752633C7CB7A}.DebugNuget|Any CPU.ActiveCfg = Debug|Any CPU
		{434D820F-1CF4-4586-AA67-752633C7CB7A}.DebugNuget|Any CPU.Build.0 = Debug|Any CPU
		{434D820F-1CF4-4586-AA67-752633C7CB7A}.Release|Any CPU.ActiveCfg = Release|Any CPU
		{434D820F-1CF4-4586-AA67-752633C7CB7A}.Release|Any CPU.Build.0 = Release|Any CPU
		{001CC2F1-2722-4105-91F2-9EBF9021EE3D}.Debug|Any CPU.ActiveCfg = Debug|Any CPU
		{001CC2F1-2722-4105-91F2-9EBF9021EE3D}.Debug|Any CPU.Build.0 = Debug|Any CPU
		{001CC2F1-2722-4105-91F2-9EBF9021EE3D}.Debug|Any CPU.Deploy.0 = Debug|Any CPU
		{001CC2F1-2722-4105-91F2-9EBF9021EE3D}.DebugNuget|Any CPU.ActiveCfg = Debug|Any CPU
		{001CC2F1-2722-4105-91F2-9EBF9021EE3D}.DebugNuget|Any CPU.Build.0 = Debug|Any CPU
		{001CC2F1-2722-4105-91F2-9EBF9021EE3D}.DebugNuget|Any CPU.Deploy.0 = Debug|Any CPU
		{001CC2F1-2722-4105-91F2-9EBF9021EE3D}.Release|Any CPU.ActiveCfg = Release|Any CPU
		{001CC2F1-2722-4105-91F2-9EBF9021EE3D}.Release|Any CPU.Build.0 = Release|Any CPU
		{001CC2F1-2722-4105-91F2-9EBF9021EE3D}.Release|Any CPU.Deploy.0 = Release|Any CPU
		{279BB7B6-630B-4CBE-85C6-B28B000943BD}.Debug|Any CPU.ActiveCfg = Debug|Any CPU
		{279BB7B6-630B-4CBE-85C6-B28B000943BD}.Debug|Any CPU.Build.0 = Debug|Any CPU
		{279BB7B6-630B-4CBE-85C6-B28B000943BD}.Debug|Any CPU.Deploy.0 = Debug|Any CPU
		{279BB7B6-630B-4CBE-85C6-B28B000943BD}.DebugNuget|Any CPU.ActiveCfg = Debug|Any CPU
		{279BB7B6-630B-4CBE-85C6-B28B000943BD}.DebugNuget|Any CPU.Build.0 = Debug|Any CPU
		{279BB7B6-630B-4CBE-85C6-B28B000943BD}.DebugNuget|Any CPU.Deploy.0 = Debug|Any CPU
		{279BB7B6-630B-4CBE-85C6-B28B000943BD}.Release|Any CPU.ActiveCfg = Release|Any CPU
		{279BB7B6-630B-4CBE-85C6-B28B000943BD}.Release|Any CPU.Build.0 = Release|Any CPU
		{279BB7B6-630B-4CBE-85C6-B28B000943BD}.Release|Any CPU.Deploy.0 = Release|Any CPU
		{6B8562E9-0293-435F-AD46-6C65843A9C2A}.Debug|Any CPU.ActiveCfg = Debug|Any CPU
		{6B8562E9-0293-435F-AD46-6C65843A9C2A}.Debug|Any CPU.Build.0 = Debug|Any CPU
		{6B8562E9-0293-435F-AD46-6C65843A9C2A}.Debug|Any CPU.Deploy.0 = Debug|Any CPU
		{6B8562E9-0293-435F-AD46-6C65843A9C2A}.DebugNuget|Any CPU.ActiveCfg = Debug|Any CPU
		{6B8562E9-0293-435F-AD46-6C65843A9C2A}.DebugNuget|Any CPU.Build.0 = Debug|Any CPU
		{6B8562E9-0293-435F-AD46-6C65843A9C2A}.Release|Any CPU.ActiveCfg = Release|Any CPU
		{6B8562E9-0293-435F-AD46-6C65843A9C2A}.Release|Any CPU.Build.0 = Release|Any CPU
	EndGlobalSection
	GlobalSection(SolutionProperties) = preSolution
		HideSolutionNode = FALSE
	EndGlobalSection
	GlobalSection(NestedProjects) = preSolution
		{D3A1882B-37E6-4AFD-8852-7D0BBD97B254} = {23FAEDF1-C3CE-4809-97D7-46DD2CFC5739}
		{E7B292B9-3B83-483F-AE78-92050C63E0EE} = {23FAEDF1-C3CE-4809-97D7-46DD2CFC5739}
		{62C7F706-9048-4B12-A6B6-1B2317C8AE32} = {23FAEDF1-C3CE-4809-97D7-46DD2CFC5739}
		{50228840-8243-4F82-B050-367A126BF99B} = {23FAEDF1-C3CE-4809-97D7-46DD2CFC5739}
		{8FE23F99-CAC6-4D5F-9E81-C17065F0FCD8} = {23FAEDF1-C3CE-4809-97D7-46DD2CFC5739}
		{7D9460CD-81E4-4873-BEB0-F893ED57449C} = {23FAEDF1-C3CE-4809-97D7-46DD2CFC5739}
		{0137E50D-696B-42E6-85BA-A11982359BFE} = {23FAEDF1-C3CE-4809-97D7-46DD2CFC5739}
		{79A2341B-9239-47AE-A42C-3CD1AB13A1BE} = {453AEEE8-0D89-4224-9F52-9CF1E004A093}
		{434D820F-1CF4-4586-AA67-752633C7CB7A} = {453AEEE8-0D89-4224-9F52-9CF1E004A093}
		{001CC2F1-2722-4105-91F2-9EBF9021EE3D} = {453AEEE8-0D89-4224-9F52-9CF1E004A093}
		{279BB7B6-630B-4CBE-85C6-B28B000943BD} = {453AEEE8-0D89-4224-9F52-9CF1E004A093}
	EndGlobalSection
	GlobalSection(ExtensibilityGlobals) = postSolution
		SolutionGuid = {61F7FB11-1E47-470C-91E2-47F8143E1572}
	EndGlobalSection
EndGlobal
