
Microsoft Visual Studio Solution File, Format Version 12.00
# Visual Studio Version 17
VisualStudioVersion = 17.5.002.0
MinimumVisualStudioVersion = 10.0.40219.1
Project("{9A19103F-16F7-4668-BE54-9A1E7A4F7556}") = "test1", "test1.csproj", "{550E7936-F65C-452B-B2EB-81890CEA4773}"
EndProject
Global
	GlobalSection(SolutionConfigurationPlatforms) = preSolution
		Debug|Any CPU = Debug|Any CPU
		Release|Any CPU = Release|Any CPU
	EndGlobalSection
	GlobalSection(ProjectConfigurationPlatforms) = postSolution
		{550E7936-F65C-452B-B2EB-81890CEA4773}.Debug|Any CPU.ActiveCfg = Debug|Any CPU
		{550E7936-F65C-452B-B2EB-81890CEA4773}.Debug|Any CPU.Build.0 = Debug|Any CPU
		{550E7936-F65C-452B-B2EB-81890CEA4773}.Release|Any CPU.ActiveCfg = Release|Any CPU
		{550E7936-F65C-452B-B2EB-81890CEA4773}.Release|Any CPU.Build.0 = Release|Any CPU
	EndGlobalSection
	GlobalSection(SolutionProperties) = preSolution
		HideSolutionNode = FALSE
	EndGlobalSection
	GlobalSection(ExtensibilityGlobals) = postSolution
		SolutionGuid = {A3E437B6-6740-4AF2-A350-E7636C64E6EC}
	EndGlobalSection
EndGlobal
